Microsoft Visual Studio Solution File, Format Version 12.00
# Visual Studio Version 17
VisualStudioVersion = 17.12.35514.174
MinimumVisualStudioVersion = 10.0.40219.1
Project("{FAE04EC0-301F-11D3-BF4B-00C04F79EFBC}") = "AdministracionDePersonal", "AdministracionDePersonal\AdministracionDePersonal.csproj", "{BBE8BCF3-2D4D-4941-9C15-DF54ACA66EC4}"
EndProject
Project("{FAE04EC0-301F-11D3-BF4B-00C04F79EFBC}") = "AdministracionDePersonal.Entities", "AdministracionDePersonal.Entities\AdministracionDePersonal.Entities.csproj", "{0B29748D-643F-440C-94AA-F46D851258F1}"
EndProject
Project("{FAE04EC0-301F-11D3-BF4B-00C04F79EFBC}") = "AdministracionDePersonal.Repository", "AdministracionDePersonal.Repository\AdministracionDePersonal.Repository.csproj", "{BA21D804-D4B1-4B46-86E9-090D5C177110}"
EndProject
Project("{FAE04EC0-301F-11D3-BF4B-00C04F79EFBC}") = "AdministracionDePersonal.Servicess", "AdministracionDePersonal.Servicess\AdministracionDePersonal.Servicess.csproj", "{14044BD0-8001-4B62-89B3-BCEAD59FE116}"
EndProject
Global
	GlobalSection(SolutionConfigurationPlatforms) = preSolution
		Debug|Any CPU = Debug|Any CPU
		Release|Any CPU = Release|Any CPU
	EndGlobalSection
	GlobalSection(ProjectConfigurationPlatforms) = postSolution
		{BBE8BCF3-2D4D-4941-9C15-DF54ACA66EC4}.Debug|Any CPU.ActiveCfg = Debug|Any CPU
		{BBE8BCF3-2D4D-4941-9C15-DF54ACA66EC4}.Debug|Any CPU.Build.0 = Debug|Any CPU
		{BBE8BCF3-2D4D-4941-9C15-DF54ACA66EC4}.Release|Any CPU.ActiveCfg = Release|Any CPU
		{BBE8BCF3-2D4D-4941-9C15-DF54ACA66EC4}.Release|Any CPU.Build.0 = Release|Any CPU
		{0B29748D-643F-440C-94AA-F46D851258F1}.Debug|Any CPU.ActiveCfg = Debug|Any CPU
		{0B29748D-643F-440C-94AA-F46D851258F1}.Debug|Any CPU.Build.0 = Debug|Any CPU
		{0B29748D-643F-440C-94AA-F46D851258F1}.Release|Any CPU.ActiveCfg = Release|Any CPU
		{0B29748D-643F-440C-94AA-F46D851258F1}.Release|Any CPU.Build.0 = Release|Any CPU
		{BA21D804-D4B1-4B46-86E9-090D5C177110}.Debug|Any CPU.ActiveCfg = Debug|Any CPU
		{BA21D804-D4B1-4B46-86E9-090D5C177110}.Debug|Any CPU.Build.0 = Debug|Any CPU
		{BA21D804-D4B1-4B46-86E9-090D5C177110}.Release|Any CPU.ActiveCfg = Release|Any CPU
		{BA21D804-D4B1-4B46-86E9-090D5C177110}.Release|Any CPU.Build.0 = Release|Any CPU
		{14044BD0-8001-4B62-89B3-BCEAD59FE116}.Debug|Any CPU.ActiveCfg = Debug|Any CPU
		{14044BD0-8001-4B62-89B3-BCEAD59FE116}.Debug|Any CPU.Build.0 = Debug|Any CPU
		{14044BD0-8001-4B62-89B3-BCEAD59FE116}.Release|Any CPU.ActiveCfg = Release|Any CPU
		{14044BD0-8001-4B62-89B3-BCEAD59FE116}.Release|Any CPU.Build.0 = Release|Any CPU
	EndGlobalSection
	GlobalSection(SolutionProperties) = preSolution
		HideSolutionNode = FALSE
	EndGlobalSection
EndGlobal

